
Microsoft Visual Studio Solution File, Format Version 12.00
# Visual Studio Version 16
VisualStudioVersion = 16.0.29613.14
MinimumVisualStudioVersion = 10.0.40219.1
Project("{FAE04EC0-301F-11D3-BF4B-00C04F79EFBC}") = "GSCSharpSDK", "GSCSharpSDK\GSCSharpSDK.csproj", "{4396CFB0-991D-4EBC-8541-BD51FAB11590}"
EndProject
Project("{2150E333-8FDC-42A3-9474-1A3956D46DE8}") = "Solution Items", "Solution Items", "{876848FE-D15B-4DAB-99BC-5ABB70C5921B}"
	ProjectSection(SolutionItems) = preProject
		.editorconfig = .editorconfig
	EndProjectSection
EndProject
Project("{FAE04EC0-301F-11D3-BF4B-00C04F79EFBC}") = "GSCSharpSDK.Tests", "GSCSharpSDK.Tests\GSCSharpSDK.Tests.csproj", "{2865102D-991C-41FE-A14B-97C560320ACB}"
EndProject
Global
	GlobalSection(SolutionConfigurationPlatforms) = preSolution
		Debug|Any CPU = Debug|Any CPU
		Release|Any CPU = Release|Any CPU
	EndGlobalSection
	GlobalSection(ProjectConfigurationPlatforms) = postSolution
		{4396CFB0-991D-4EBC-8541-BD51FAB11590}.Debug|Any CPU.ActiveCfg = Debug|Any CPU
		{4396CFB0-991D-4EBC-8541-BD51FAB11590}.Debug|Any CPU.Build.0 = Debug|Any CPU
		{4396CFB0-991D-4EBC-8541-BD51FAB11590}.Release|Any CPU.ActiveCfg = Release|Any CPU
		{4396CFB0-991D-4EBC-8541-BD51FAB11590}.Release|Any CPU.Build.0 = Release|Any CPU
		{2865102D-991C-41FE-A14B-97C560320ACB}.Debug|Any CPU.ActiveCfg = Debug|Any CPU
		{2865102D-991C-41FE-A14B-97C560320ACB}.Debug|Any CPU.Build.0 = Debug|Any CPU
		{2865102D-991C-41FE-A14B-97C560320ACB}.Release|Any CPU.ActiveCfg = Release|Any CPU
		{2865102D-991C-41FE-A14B-97C560320ACB}.Release|Any CPU.Build.0 = Release|Any CPU
	EndGlobalSection
	GlobalSection(SolutionProperties) = preSolution
		HideSolutionNode = FALSE
	EndGlobalSection
	GlobalSection(ExtensibilityGlobals) = postSolution
		SolutionGuid = {57875ADB-2910-4522-B40D-D44DFB1E69FA}
	EndGlobalSection
EndGlobal
